
Microsoft Visual Studio Solution File, Format Version 12.00
# Visual Studio Version 16
VisualStudioVersion = 16.0.30709.132
MinimumVisualStudioVersion = 10.0.40219.1
Project("{8BC9CEB8-8B4A-11D0-8D11-00A0C91BC942}") = "d2loader", "d2loader\d2loader.vcxproj", "{C7B81E15-9CD8-4091-88BE-FB24D909A73C}"
	ProjectSection(ProjectDependencies) = postProject
		{0F44AA84-69E9-478F-BC4E-300DBDE7E6FB} = {0F44AA84-69E9-478F-BC4E-300DBDE7E6FB}
	EndProjectSection
EndProject
Project("{8BC9CEB8-8B4A-11D0-8D11-00A0C91BC942}") = "OldFormatPluginDll", "OldFormatPluginDll\OldFormatPluginDll.vcxproj", "{FC38596F-C2B1-4ECA-B389-A5C87B905835}"
EndProject
Project("{8BC9CEB8-8B4A-11D0-8D11-00A0C91BC942}") = "NewFormatPluginDll", "NewFormatPluginDll\NewFormatPluginDll.vcxproj", "{AE170F2D-3A35-4438-A07B-2914C0507E4A}"
EndProject
Project("{8BC9CEB8-8B4A-11D0-8D11-00A0C91BC942}") = "Storm", "Storm\Storm.vcxproj", "{0F44AA84-69E9-478F-BC4E-300DBDE7E6FB}"
EndProject
Project("{8BC9CEB8-8B4A-11D0-8D11-00A0C91BC942}") = "D2Lang", "D2Lang\D2Lang.vcxproj", "{C191F50C-1109-4B87-96E4-F1B38CF98043}"
EndProject
Project("{8BC9CEB8-8B4A-11D0-8D11-00A0C91BC942}") = "demangler", "demangler\demangler.vcxproj", "{57C8FA61-47B0-4D77-8726-F79A4104D4B1}"
EndProject
Project("{8BC9CEB8-8B4A-11D0-8D11-00A0C91BC942}") = "Fog", "Fog\Fog.vcxproj", "{EF25F97B-0923-45C2-BD0C-FC0D71BAED14}"
EndProject
Global
	GlobalSection(SolutionConfigurationPlatforms) = preSolution
		Debug|x86 = Debug|x86
		Release|x86 = Release|x86
	EndGlobalSection
	GlobalSection(ProjectConfigurationPlatforms) = postSolution
		{C7B81E15-9CD8-4091-88BE-FB24D909A73C}.Debug|x86.ActiveCfg = Debug|Win32
		{C7B81E15-9CD8-4091-88BE-FB24D909A73C}.Debug|x86.Build.0 = Debug|Win32
		{C7B81E15-9CD8-4091-88BE-FB24D909A73C}.Release|x86.ActiveCfg = Release|Win32
		{C7B81E15-9CD8-4091-88BE-FB24D909A73C}.Release|x86.Build.0 = Release|Win32
		{FC38596F-C2B1-4ECA-B389-A5C87B905835}.Debug|x86.ActiveCfg = Debug|Win32
		{FC38596F-C2B1-4ECA-B389-A5C87B905835}.Debug|x86.Build.0 = Debug|Win32
		{FC38596F-C2B1-4ECA-B389-A5C87B905835}.Release|x86.ActiveCfg = Release|Win32
		{FC38596F-C2B1-4ECA-B389-A5C87B905835}.Release|x86.Build.0 = Release|Win32
		{AE170F2D-3A35-4438-A07B-2914C0507E4A}.Debug|x86.ActiveCfg = Debug|Win32
		{AE170F2D-3A35-4438-A07B-2914C0507E4A}.Debug|x86.Build.0 = Debug|Win32
		{AE170F2D-3A35-4438-A07B-2914C0507E4A}.Release|x86.ActiveCfg = Release|Win32
		{AE170F2D-3A35-4438-A07B-2914C0507E4A}.Release|x86.Build.0 = Release|Win32
		{0F44AA84-69E9-478F-BC4E-300DBDE7E6FB}.Debug|x86.ActiveCfg = Debug|Win32
		{0F44AA84-69E9-478F-BC4E-300DBDE7E6FB}.Debug|x86.Build.0 = Debug|Win32
		{0F44AA84-69E9-478F-BC4E-300DBDE7E6FB}.Release|x86.ActiveCfg = Release|Win32
		{0F44AA84-69E9-478F-BC4E-300DBDE7E6FB}.Release|x86.Build.0 = Release|Win32
		{C191F50C-1109-4B87-96E4-F1B38CF98043}.Debug|x86.ActiveCfg = Debug|Win32
		{C191F50C-1109-4B87-96E4-F1B38CF98043}.Debug|x86.Build.0 = Debug|Win32
		{C191F50C-1109-4B87-96E4-F1B38CF98043}.Release|x86.ActiveCfg = Release|Win32
		{C191F50C-1109-4B87-96E4-F1B38CF98043}.Release|x86.Build.0 = Release|Win32
		{57C8FA61-47B0-4D77-8726-F79A4104D4B1}.Debug|x86.ActiveCfg = Debug|Win32
		{57C8FA61-47B0-4D77-8726-F79A4104D4B1}.Debug|x86.Build.0 = Debug|Win32
		{57C8FA61-47B0-4D77-8726-F79A4104D4B1}.Release|x86.ActiveCfg = Release|Win32
		{57C8FA61-47B0-4D77-8726-F79A4104D4B1}.Release|x86.Build.0 = Release|Win32
		{EF25F97B-0923-45C2-BD0C-FC0D71BAED14}.Debug|x86.ActiveCfg = Debug|Win32
		{EF25F97B-0923-45C2-BD0C-FC0D71BAED14}.Debug|x86.Build.0 = Debug|Win32
		{EF25F97B-0923-45C2-BD0C-FC0D71BAED14}.Release|x86.ActiveCfg = Release|Win32
		{EF25F97B-0923-45C2-BD0C-FC0D71BAED14}.Release|x86.Build.0 = Release|Win32
	EndGlobalSection
	GlobalSection(SolutionProperties) = preSolution
		HideSolutionNode = FALSE
	EndGlobalSection
	GlobalSection(ExtensibilityGlobals) = postSolution
		SolutionGuid = {1A8B2CB8-F299-4D55-8CB9-B2727EA5B0E7}
	EndGlobalSection
EndGlobal
