<?xml version="1.0" encoding="utf-8"?>
<Project ToolsVersion="4.0" xmlns="http://schemas.microsoft.com/developer/msbuild/2003">
  <ItemGroup>
    <Filter Include="源文件">
      <UniqueIdentifier>{4FC737F1-C7A5-4376-A066-2A32D752A2FF}</UniqueIdentifier>
      <Extensions>cpp;c;cc;cxx;c++;cppm;ixx;def;odl;idl;hpj;bat;asm;asmx</Extensions>
    </Filter>
    <Filter Include="头文件">
      <UniqueIdentifier>{93995380-89BD-4b04-88EB-625FBE52EBFB}</UniqueIdentifier>
      <Extensions>h;hh;hpp;hxx;h++;hm;inl;inc;ipp;xsd</Extensions>
    </Filter>
    <Filter Include="资源文件">
      <UniqueIdentifier>{67DA6AB6-F800-4c08-8B7A-83BB121AAD01}</UniqueIdentifier>
      <Extensions>rc;ico;cur;bmp;dlg;rc2;rct;bin;rgs;gif;jpg;jpeg;jpe;resx;tiff;tif;png;wav;mfcribbon-ms</Extensions>
    </Filter>
    <Filter Include="函数源文件">
      <UniqueIdentifier>{2db6c1ec-e71d-48d8-89c4-55685a6232f5}</UniqueIdentifier>
    </Filter>
    <Filter Include="函数头文件">
      <UniqueIdentifier>{946b032d-6043-4bc9-92e9-0a05a7c3775a}</UniqueIdentifier>
    </Filter>
  </ItemGroup>
  <ItemGroup>
    <ClCompile Include="main.c">
      <Filter>源文件</Filter>
    </ClCompile>
    <ClCompile Include="global-variables.c">
      <Filter>源文件</Filter>
    </ClCompile>
    <ClCompile Include="functions\sub_4053fd.c">
      <Filter>函数源文件</Filter>
    </ClCompile>
    <ClCompile Include="functions\sub_4054c2.c">
      <Filter>函数源文件</Filter>
    </ClCompile>
    <ClCompile Include="functions\sub_40543b.c">
      <Filter>函数源文件</Filter>
    </ClCompile>
    <ClCompile Include="functions\sub_404ed0.c">
      <Filter>函数源文件</Filter>
    </ClCompile>
    <ClCompile Include="functions\sub_407380.c">
      <Filter>函数源文件</Filter>
    </ClCompile>
    <ClCompile Include="functions\sub_40735e.c">
      <Filter>函数源文件</Filter>
    </ClCompile>
    <ClCompile Include="functions\sub_404b60.c">
      <Filter>函数源文件</Filter>
    </ClCompile>
    <ClCompile Include="functions\sub_404c57.c">
      <Filter>函数源文件</Filter>
    </ClCompile>
    <ClCompile Include="functions\sub_406bab.c">
      <Filter>函数源文件</Filter>
    </ClCompile>
    <ClCompile Include="functions\sub_4069d8.c">
      <Filter>函数源文件</Filter>
    </ClCompile>
    <ClCompile Include="functions\sub_406a68.c">
      <Filter>函数源文件</Filter>
    </ClCompile>
    <ClCompile Include="functions\sub_406ac0.c">
      <Filter>函数源文件</Filter>
    </ClCompile>
    <ClCompile Include="functions\sub_406b12.c">
      <Filter>函数源文件</Filter>
    </ClCompile>
    <ClCompile Include="functions\sub_406887.c">
      <Filter>函数源文件</Filter>
    </ClCompile>
    <ClCompile Include="functions\sub_4068f2.c">
      <Filter>函数源文件</Filter>
    </ClCompile>
    <ClCompile Include="functions\sub_406bb9.c">
      <Filter>函数源文件</Filter>
    </ClCompile>
    <ClCompile Include="functions\sub_407bb9.c">
      <Filter>函数源文件</Filter>
    </ClCompile>
    <ClCompile Include="functions\sub_406803.c">
      <Filter>函数源文件</Filter>
    </ClCompile>
    <ClCompile Include="functions\sub_404eb1.c">
      <Filter>函数源文件</Filter>
    </ClCompile>
    <ClCompile Include="functions\sub_404ec5.c">
      <Filter>函数源文件</Filter>
    </ClCompile>
    <ClCompile Include="functions\sub_406c59.c">
      <Filter>函数源文件</Filter>
    </ClCompile>
    <ClCompile Include="functions\sub_4066dc.c">
      <Filter>函数源文件</Filter>
    </ClCompile>
    <ClCompile Include="functions\sub_4065bd.c">
      <Filter>函数源文件</Filter>
    </ClCompile>
    <ClCompile Include="functions\sub_406451.c">
      <Filter>函数源文件</Filter>
    </ClCompile>
    <ClCompile Include="functions\sub_40a4e5.c">
      <Filter>函数源文件</Filter>
    </ClCompile>
    <ClCompile Include="functions\sub_406373.c">
      <Filter>函数源文件</Filter>
    </ClCompile>
    <ClCompile Include="functions\sub_4063f9.c">
      <Filter>函数源文件</Filter>
    </ClCompile>
    <ClCompile Include="functions\sub_4061df.c">
      <Filter>函数源文件</Filter>
    </ClCompile>
    <ClCompile Include="functions\sub_406014.c">
      <Filter>函数源文件</Filter>
    </ClCompile>
    <ClCompile Include="functions\sub_4053b3.c">
      <Filter>函数源文件</Filter>
    </ClCompile>
    <ClCompile Include="functions\sub_40532e.c">
      <Filter>函数源文件</Filter>
    </ClCompile>
    <ClCompile Include="functions\sub_40513a.c">
      <Filter>函数源文件</Filter>
    </ClCompile>
    <ClCompile Include="functions\sub_4054fd.c">
      <Filter>函数源文件</Filter>
    </ClCompile>
    <ClCompile Include="functions\sub_40a480.c">
      <Filter>函数源文件</Filter>
    </ClCompile>
    <ClCompile Include="functions\sub_4057a8.c">
      <Filter>函数源文件</Filter>
    </ClCompile>
    <ClCompile Include="functions\sub_40a600.c">
      <Filter>函数源文件</Filter>
    </ClCompile>
    <ClCompile Include="functions\sub_4071a5.c">
      <Filter>函数源文件</Filter>
    </ClCompile>
    <ClCompile Include="functions\sub_405af1.c">
      <Filter>函数源文件</Filter>
    </ClCompile>
    <ClCompile Include="functions\sub_406175.c">
      <Filter>函数源文件</Filter>
    </ClCompile>
    <ClCompile Include="functions\sub_405602.c">
      <Filter>函数源文件</Filter>
    </ClCompile>
    <ClCompile Include="functions\sub_4069bc.c">
      <Filter>函数源文件</Filter>
    </ClCompile>
    <ClCompile Include="functions\sub_404d77.c">
      <Filter>函数源文件</Filter>
    </ClCompile>
    <ClCompile Include="functions\sub_40a440.c">
      <Filter>函数源文件</Filter>
    </ClCompile>
    <ClCompile Include="functions\sub_40a9a0.c">
      <Filter>函数源文件</Filter>
    </ClCompile>
    <ClCompile Include="functions\sub_406d1e.c">
      <Filter>函数源文件</Filter>
    </ClCompile>
    <ClCompile Include="functions\sub_4070aa.c">
      <Filter>函数源文件</Filter>
    </ClCompile>
    <ClCompile Include="functions\sub_4070d5.c">
      <Filter>函数源文件</Filter>
    </ClCompile>
  </ItemGroup>
  <ItemGroup>
    <ClInclude Include="constant-strings.h">
      <Filter>头文件</Filter>
    </ClInclude>
    <ClInclude Include="data-types.h">
      <Filter>头文件</Filter>
    </ClInclude>
    <ClInclude Include="global-variables.h">
      <Filter>头文件</Filter>
    </ClInclude>
    <ClInclude Include="constants.h">
      <Filter>头文件</Filter>
    </ClInclude>
    <ClInclude Include="data-types-function-ptr.h">
      <Filter>头文件</Filter>
    </ClInclude>
    <ClInclude Include="data-types-forward-structs.h">
      <Filter>头文件</Filter>
    </ClInclude>
    <ClInclude Include="functions\sub_40543b.h">
      <Filter>函数头文件</Filter>
    </ClInclude>
    <ClInclude Include="functions\sub_4053fd.h">
      <Filter>函数头文件</Filter>
    </ClInclude>
    <ClInclude Include="functions\sub_4054c2.h">
      <Filter>函数头文件</Filter>
    </ClInclude>
    <ClInclude Include="functions\sub_40513a.h">
      <Filter>函数头文件</Filter>
    </ClInclude>
    <ClInclude Include="functions\sub_404ed0.h">
      <Filter>函数头文件</Filter>
    </ClInclude>
    <ClInclude Include="functions\sub_407380.h">
      <Filter>函数头文件</Filter>
    </ClInclude>
    <ClInclude Include="functions\sub_40735e.h">
      <Filter>函数头文件</Filter>
    </ClInclude>
    <ClInclude Include="functions\sub_404b60.h">
      <Filter>函数头文件</Filter>
    </ClInclude>
    <ClInclude Include="functions\sub_406803.h">
      <Filter>函数头文件</Filter>
    </ClInclude>
    <ClInclude Include="functions\sub_404eb1.h">
      <Filter>函数头文件</Filter>
    </ClInclude>
    <ClInclude Include="functions\sub_404ec5.h">
      <Filter>函数头文件</Filter>
    </ClInclude>
    <ClInclude Include="functions\sub_406c59.h">
      <Filter>函数头文件</Filter>
    </ClInclude>
    <ClInclude Include="functions\sub_404c57.h">
      <Filter>函数头文件</Filter>
    </ClInclude>
    <ClInclude Include="functions\sub_4066dc.h">
      <Filter>函数头文件</Filter>
    </ClInclude>
    <ClInclude Include="functions\sub_406014.h">
      <Filter>函数头文件</Filter>
    </ClInclude>
    <ClInclude Include="functions\sub_4054fd.h">
      <Filter>函数头文件</Filter>
    </ClInclude>
    <ClInclude Include="functions\sub_40a480.h">
      <Filter>函数头文件</Filter>
    </ClInclude>
    <ClInclude Include="functions\sub_4057a8.h">
      <Filter>函数头文件</Filter>
    </ClInclude>
    <ClInclude Include="functions\sub_404d77.h">
      <Filter>函数头文件</Filter>
    </ClInclude>
    <ClInclude Include="functions\sub_40a600.h">
      <Filter>函数头文件</Filter>
    </ClInclude>
    <ClInclude Include="functions\sub_4071a5.h">
      <Filter>函数头文件</Filter>
    </ClInclude>
    <ClInclude Include="functions\sub_405af1.h">
      <Filter>函数头文件</Filter>
    </ClInclude>
    <ClInclude Include="functions\sub_406175.h">
      <Filter>函数头文件</Filter>
    </ClInclude>
    <ClInclude Include="functions\sub_405602.h">
      <Filter>函数头文件</Filter>
    </ClInclude>
    <ClInclude Include="functions\sub_4069bc.h">
      <Filter>函数头文件</Filter>
    </ClInclude>
    <ClInclude Include="functions\sub_406bab.h">
      <Filter>函数头文件</Filter>
    </ClInclude>
    <ClInclude Include="functions\sub_4069d8.h">
      <Filter>函数头文件</Filter>
    </ClInclude>
    <ClInclude Include="functions\sub_406a68.h">
      <Filter>函数头文件</Filter>
    </ClInclude>
    <ClInclude Include="functions\sub_406ac0.h">
      <Filter>函数头文件</Filter>
    </ClInclude>
    <ClInclude Include="functions\sub_406b12.h">
      <Filter>函数头文件</Filter>
    </ClInclude>
    <ClInclude Include="functions\sub_406887.h">
      <Filter>函数头文件</Filter>
    </ClInclude>
    <ClInclude Include="functions\sub_4068f2.h">
      <Filter>函数头文件</Filter>
    </ClInclude>
    <ClInclude Include="functions\sub_406bb9.h">
      <Filter>函数头文件</Filter>
    </ClInclude>
    <ClInclude Include="functions\sub_407bb9.h">
      <Filter>函数头文件</Filter>
    </ClInclude>
    <ClInclude Include="functions\sub_4065bd.h">
      <Filter>函数头文件</Filter>
    </ClInclude>
    <ClInclude Include="functions\sub_406451.h">
      <Filter>函数头文件</Filter>
    </ClInclude>
    <ClInclude Include="functions\sub_40a4e5.h">
      <Filter>函数头文件</Filter>
    </ClInclude>
    <ClInclude Include="functions\sub_406373.h">
      <Filter>函数头文件</Filter>
    </ClInclude>
    <ClInclude Include="functions\sub_4063f9.h">
      <Filter>函数头文件</Filter>
    </ClInclude>
    <ClInclude Include="functions\sub_4061df.h">
      <Filter>函数头文件</Filter>
    </ClInclude>
    <ClInclude Include="functions\sub_4053b3.h">
      <Filter>函数头文件</Filter>
    </ClInclude>
    <ClInclude Include="functions\sub_40532e.h">
      <Filter>函数头文件</Filter>
    </ClInclude>
    <ClInclude Include="functions\sub_40a440.h">
      <Filter>函数头文件</Filter>
    </ClInclude>
    <ClInclude Include="functions\sub_40a9a0.h">
      <Filter>函数头文件</Filter>
    </ClInclude>
    <ClInclude Include="functions\sub_406d1e.h">
      <Filter>函数头文件</Filter>
    </ClInclude>
    <ClInclude Include="functions\sub_4070aa.h">
      <Filter>函数头文件</Filter>
    </ClInclude>
    <ClInclude Include="functions\sub_4070d5.h">
      <Filter>函数头文件</Filter>
    </ClInclude>
    <ClInclude Include="storm-api.h">
      <Filter>头文件</Filter>
    </ClInclude>
  </ItemGroup>
</Project>